
Microsoft Visual Studio Solution File, Format Version 12.00
# Visual Studio Version 17
VisualStudioVersion = 17.11.35327.3
MinimumVisualStudioVersion = 10.0.40219.1
Project("{FAE04EC0-301F-11D3-BF4B-00C04F79EFBC}") = "Data", "Data\Data.csproj", "{26FE1183-D537-4ADD-B83E-51D933AA60DC}"
EndProject
Project("{FAE04EC0-301F-11D3-BF4B-00C04F79EFBC}") = "Core", "Core\Core.csproj", "{5C181F0D-7B1F-473D-A010-EA63CA927865}"
EndProject
Global
	GlobalSection(SolutionConfigurationPlatforms) = preSolution
		Debug|Any CPU = Debug|Any CPU
		Release|Any CPU = Release|Any CPU
	EndGlobalSection
	GlobalSection(ProjectConfigurationPlatforms) = postSolution
		{26FE1183-D537-4ADD-B83E-51D933AA60DC}.Debug|Any CPU.ActiveCfg = Debug|Any CPU
		{26FE1183-D537-4ADD-B83E-51D933AA60DC}.Debug|Any CPU.Build.0 = Debug|Any CPU
		{26FE1183-D537-4ADD-B83E-51D933AA60DC}.Release|Any CPU.ActiveCfg = Release|Any CPU
		{26FE1183-D537-4ADD-B83E-51D933AA60DC}.Release|Any CPU.Build.0 = Release|Any CPU
		{5C181F0D-7B1F-473D-A010-EA63CA927865}.Debug|Any CPU.ActiveCfg = Debug|Any CPU
		{5C181F0D-7B1F-473D-A010-EA63CA927865}.Debug|Any CPU.Build.0 = Debug|Any CPU
		{5C181F0D-7B1F-473D-A010-EA63CA927865}.Release|Any CPU.ActiveCfg = Release|Any CPU
		{5C181F0D-7B1F-473D-A010-EA63CA927865}.Release|Any CPU.Build.0 = Release|Any CPU
	EndGlobalSection
	GlobalSection(SolutionProperties) = preSolution
		HideSolutionNode = FALSE
	EndGlobalSection
	GlobalSection(ExtensibilityGlobals) = postSolution
		SolutionGuid = {6A04E169-C2FA-4857-9DFD-89871C7BE08A}
	EndGlobalSection
EndGlobal
